<?xml version="1.0" encoding="utf-8"?>
<Project ToolsVersion="4.0" xmlns="http://schemas.microsoft.com/developer/msbuild/2003">
  <ItemGroup>
    <Filter Include="Quelldateien">
      <UniqueIdentifier>{4FC737F1-C7A5-4376-A066-2A32D752A2FF}</UniqueIdentifier>
      <Extensions>cpp;c;cc;cxx;def;odl;idl;hpj;bat;asm;asmx</Extensions>
    </Filter>
    <Filter Include="Headerdateien">
      <UniqueIdentifier>{93995380-89BD-4b04-88EB-625FBE52EBFB}</UniqueIdentifier>
      <Extensions>h;hh;hpp;hxx;hm;inl;inc;xsd</Extensions>
    </Filter>
  </ItemGroup>
  <ItemGroup>
    <ClCompile Include="DllMain.cpp">
      <Filter>Quelldateien</Filter>
    </ClCompile>
    <ClCompile Include="Controls.cpp">
      <Filter>Quelldateien</Filter>
    </ClCompile>
    <ClCompile Include="CRC32.cpp">
      <Filter>Quelldateien</Filter>
    </ClCompile>
    <ClCompile Include="Gui.cpp">
      <Filter>Quelldateien</Filter>
    </ClCompile>
    <ClCompile Include="Menu.cpp">
      <Filter>Quelldateien</Filter>
    </ClCompile>
    <ClCompile Include="Hooks.cpp">
      <Filter>Quelldateien</Filter>
    </ClCompile>
    <ClCompile Include="Hacks.cpp">
      <Filter>Quelldateien</Filter>
    </ClCompile>
    <ClCompile Include="Interfaces.cpp">
      <Filter>Quelldateien</Filter>
    </ClCompile>
    <ClCompile Include="MathFunctions.cpp">
      <Filter>Quelldateien</Filter>
    </ClCompile>
    <ClCompile Include="NetVars.cpp">
      <Filter>Quelldateien</Filter>
    </ClCompile>
    <ClCompile Include="offsets.cpp">
      <Filter>Quelldateien</Filter>
    </ClCompile>
    <ClCompile Include="RenderManager.cpp">
      <Filter>Quelldateien</Filter>
    </ClCompile>
    <ClCompile Include="tinyxml2.cpp">
      <Filter>Quelldateien</Filter>
    </ClCompile>
    <ClCompile Include="UTIL_Functions.cpp">
      <Filter>Quelldateien</Filter>
    </ClCompile>
    <ClCompile Include="Utilities.cpp">
      <Filter>Quelldateien</Filter>
    </ClCompile>
    <ClCompile Include="Visuals.cpp">
      <Filter>Quelldateien</Filter>
    </ClCompile>
    <ClCompile Include="Window.cpp">
      <Filter>Quelldateien</Filter>
    </ClCompile>
    <ClCompile Include="AntiAntiAim.cpp">
      <Filter>Quelldateien</Filter>
    </ClCompile>
    <ClCompile Include="Autowall.cpp">
      <Filter>Quelldateien</Filter>
    </ClCompile>
    <ClCompile Include="Chams.cpp">
      <Filter>Quelldateien</Filter>
    </ClCompile>
    <ClCompile Include="ESP.cpp">
      <Filter>Quelldateien</Filter>
    </ClCompile>
    <ClCompile Include="LegitBot.cpp">
      <Filter>Quelldateien</Filter>
    </ClCompile>
    <ClCompile Include="MiscHacks.cpp">
      <Filter>Quelldateien</Filter>
    </ClCompile>
    <ClCompile Include="RageBot.cpp">
      <Filter>Quelldateien</Filter>
    </ClCompile>
    <ClCompile Include="nospread.cpp">
      <Filter>Quelldateien</Filter>
    </ClCompile>
    <ClCompile Include="checksum_md5.cpp">
      <Filter>Quelldateien</Filter>
    </ClCompile>
    <ClCompile Include="input.cpp">
      <Filter>Quelldateien</Filter>
    </ClCompile>
    <ClCompile Include="ChecksumCRC.cpp">
      <Filter>Quelldateien</Filter>
    </ClCompile>
  </ItemGroup>
  <ItemGroup>
    <ClInclude Include="Header.h">
      <Filter>Headerdateien</Filter>
    </ClInclude>
    <ClInclude Include="Menu.h">
      <Filter>Headerdateien</Filter>
    </ClInclude>
    <ClInclude Include="Gui.h">
      <Filter>Headerdateien</Filter>
    </ClInclude>
    <ClInclude Include="Controls.h">
      <Filter>Headerdateien</Filter>
    </ClInclude>
    <ClInclude Include="RenderManager.h">
      <Filter>Headerdateien</Filter>
    </ClInclude>
    <ClInclude Include="Vector2D.h">
      <Filter>Headerdateien</Filter>
    </ClInclude>
    <ClInclude Include="Vector.h">
      <Filter>Headerdateien</Filter>
    </ClInclude>
    <ClInclude Include="NetVars.h">
      <Filter>Headerdateien</Filter>
    </ClInclude>
    <ClInclude Include="Interfaces.h">
      <Filter>Headerdateien</Filter>
    </ClInclude>
    <ClInclude Include="EngineClient.h">
      <Filter>Headerdateien</Filter>
    </ClInclude>
    <ClInclude Include="ClientRecvProps.h">
      <Filter>Headerdateien</Filter>
    </ClInclude>
    <ClInclude Include="offsets.h">
      <Filter>Headerdateien</Filter>
    </ClInclude>
    <ClInclude Include="bspflags.h">
      <Filter>Headerdateien</Filter>
    </ClInclude>
    <ClInclude Include="MathFunctions.h">
      <Filter>Headerdateien</Filter>
    </ClInclude>
    <ClInclude Include="UTIL Functions.h">
      <Filter>Headerdateien</Filter>
    </ClInclude>
    <ClInclude Include="Utilities.h">
      <Filter>Headerdateien</Filter>
    </ClInclude>
    <ClInclude Include="BaseClient.h">
      <Filter>Headerdateien</Filter>
    </ClInclude>
    <ClInclude Include="MiscClasses.h">
      <Filter>Headerdateien</Filter>
    </ClInclude>
    <ClInclude Include="Entities.h">
      <Filter>Headerdateien</Filter>
    </ClInclude>
    <ClInclude Include="Surface.h">
      <Filter>Headerdateien</Filter>
    </ClInclude>
    <ClInclude Include="Materials.h">
      <Filter>Headerdateien</Filter>
    </ClInclude>
    <ClInclude Include="CRC32.h">
      <Filter>Headerdateien</Filter>
    </ClInclude>
    <ClInclude Include="tinyxml2.h">
      <Filter>Headerdateien</Filter>
    </ClInclude>
    <ClInclude Include="Hooks.h">
      <Filter>Headerdateien</Filter>
    </ClInclude>
    <ClInclude Include="Hacks.h">
      <Filter>Headerdateien</Filter>
    </ClInclude>
    <ClInclude Include="AntiAntiAim.h">
      <Filter>Headerdateien</Filter>
    </ClInclude>
    <ClInclude Include="Autowall.h">
      <Filter>Headerdateien</Filter>
    </ClInclude>
    <ClInclude Include="Chams.h">
      <Filter>Headerdateien</Filter>
    </ClInclude>
    <ClInclude Include="ESP.h">
      <Filter>Headerdateien</Filter>
    </ClInclude>
    <ClInclude Include="LegitBot.h">
      <Filter>Headerdateien</Filter>
    </ClInclude>
    <ClInclude Include="MiscDefinitions.h">
      <Filter>Headerdateien</Filter>
    </ClInclude>
    <ClInclude Include="MiscHacks.h">
      <Filter>Headerdateien</Filter>
    </ClInclude>
    <ClInclude Include="RageBot.h">
      <Filter>Headerdateien</Filter>
    </ClInclude>
    <ClInclude Include="Visuals.h">
      <Filter>Headerdateien</Filter>
    </ClInclude>
    <ClInclude Include="CommonIncludes.h">
      <Filter>Headerdateien</Filter>
    </ClInclude>
    <ClInclude Include="nospread.h">
      <Filter>Headerdateien</Filter>
    </ClInclude>
    <ClInclude Include="checksum_md5.h">
      <Filter>Headerdateien</Filter>
    </ClInclude>
    <ClInclude Include="AntiLeak.h">
      <Filter>Headerdateien</Filter>
    </ClInclude>
    <ClInclude Include="xor.h">
      <Filter>Headerdateien</Filter>
    </ClInclude>
    <ClInclude Include="GlowManager.h">
      <Filter>Headerdateien</Filter>
    </ClInclude>
    <ClInclude Include="input.h">
      <Filter>Headerdateien</Filter>
    </ClInclude>
    <ClInclude Include="ChecksumCRC.h">
      <Filter>Headerdateien</Filter>
    </ClInclude>
    <ClInclude Include="viewsetup.h">
      <Filter>Headerdateien</Filter>
    </ClInclude>
  </ItemGroup>
</Project>